// !$*UTF8*$!
{
	archiveVersion = 1;
	classes = {
	};
	objectVersion = 55;
	objects = {

/* Begin PBXBuildFile section */
		4A8F7D63277648810028351E /* Tests_iOS.swift in Sources */ = {isa = PBXBuildFile; fileRef = 4A8F7D62277648810028351E /* Tests_iOS.swift */; };
		4A8F7D65277648810028351E /* Tests_iOSLaunchTests.swift in Sources */ = {isa = PBXBuildFile; fileRef = 4A8F7D64277648810028351E /* Tests_iOSLaunchTests.swift */; };
		4A8F7D6F277648810028351E /* Tests_macOS.swift in Sources */ = {isa = PBXBuildFile; fileRef = 4A8F7D6E277648810028351E /* Tests_macOS.swift */; };
		4A8F7D71277648810028351E /* Tests_macOSLaunchTests.swift in Sources */ = {isa = PBXBuildFile; fileRef = 4A8F7D70277648810028351E /* Tests_macOSLaunchTests.swift */; };
		4A8F7D72277648810028351E /* Copy.xcdatamodeld in Sources */ = {isa = PBXBuildFile; fileRef = 4A8F7D47277648810028351E /* Copy.xcdatamodeld */; };
		4A8F7D73277648810028351E /* Copy.xcdatamodeld in Sources */ = {isa = PBXBuildFile; fileRef = 4A8F7D47277648810028351E /* Copy.xcdatamodeld */; };
		4A8F7D74277648810028351E /* CopyApp.swift in Sources */ = {isa = PBXBuildFile; fileRef = 4A8F7D49277648810028351E /* CopyApp.swift */; };
		4A8F7D75277648810028351E /* CopyApp.swift in Sources */ = {isa = PBXBuildFile; fileRef = 4A8F7D49277648810028351E /* CopyApp.swift */; };
		4A8F7D76277648810028351E /* ContentView.swift in Sources */ = {isa = PBXBuildFile; fileRef = 4A8F7D4A277648810028351E /* ContentView.swift */; };
		4A8F7D77277648810028351E /* ContentView.swift in Sources */ = {isa = PBXBuildFile; fileRef = 4A8F7D4A277648810028351E /* ContentView.swift */; };
		4A8F7D78277648810028351E /* Persistence.swift in Sources */ = {isa = PBXBuildFile; fileRef = 4A8F7D4B277648810028351E /* Persistence.swift */; };
		4A8F7D79277648810028351E /* Persistence.swift in Sources */ = {isa = PBXBuildFile; fileRef = 4A8F7D4B277648810028351E /* Persistence.swift */; };
		4A8F7D7A277648810028351E /* Assets.xcassets in Resources */ = {isa = PBXBuildFile; fileRef = 4A8F7D4C277648810028351E /* Assets.xcassets */; };
		4A8F7D7B277648810028351E /* Assets.xcassets in Resources */ = {isa = PBXBuildFile; fileRef = 4A8F7D4C277648810028351E /* Assets.xcassets */; };
/* End PBXBuildFile section */

/* Begin PBXContainerItemProxy section */
		4A8F7D5F277648810028351E /* PBXContainerItemProxy */ = {
			isa = PBXContainerItemProxy;
			containerPortal = 4A8F7D42277648810028351E /* Project object */;
			proxyType = 1;
			remoteGlobalIDString = 4A8F7D50277648810028351E;
			remoteInfo = "Copy (iOS)";
		};
		4A8F7D6B277648810028351E /* PBXContainerItemProxy */ = {
			isa = PBXContainerItemProxy;
			containerPortal = 4A8F7D42277648810028351E /* Project object */;
			proxyType = 1;
			remoteGlobalIDString = 4A8F7D56277648810028351E;
			remoteInfo = "Copy (macOS)";
		};
/* End PBXContainerItemProxy section */

/* Begin PBXFileReference section */
		4A8F7D48277648810028351E /* Shared.xcdatamodel */ = {isa = PBXFileReference; lastKnownFileType = wrapper.xcdatamodel; path = Shared.xcdatamodel; sourceTree = "<group>"; };
		4A8F7D49277648810028351E /* CopyApp.swift */ = {isa = PBXFileReference; lastKnownFileType = sourcecode.swift; path = CopyApp.swift; sourceTree = "<group>"; };
		4A8F7D4A277648810028351E /* ContentView.swift */ = {isa = PBXFileReference; lastKnownFileType = sourcecode.swift; path = ContentView.swift; sourceTree = "<group>"; };
		4A8F7D4B277648810028351E /* Persistence.swift */ = {isa = PBXFileReference; lastKnownFileType = sourcecode.swift; path = Persistence.swift; sourceTree = "<group>"; };
		4A8F7D4C277648810028351E /* Assets.xcassets */ = {isa = PBXFileReference; lastKnownFileType = folder.assetcatalog; path = Assets.xcassets; sourceTree = "<group>"; };
		4A8F7D51277648810028351E /* Copy.app */ = {isa = PBXFileReference; explicitFileType = wrapper.application; includeInIndex = 0; path = Copy.app; sourceTree = BUILT_PRODUCTS_DIR; };
		4A8F7D57277648810028351E /* Copy.app */ = {isa = PBXFileReference; explicitFileType = wrapper.application; includeInIndex = 0; path = Copy.app; sourceTree = BUILT_PRODUCTS_DIR; };
		4A8F7D59277648810028351E /* macOS.entitlements */ = {isa = PBXFileReference; lastKnownFileType = text.plist.entitlements; path = macOS.entitlements; sourceTree = "<group>"; };
		4A8F7D5E277648810028351E /* Tests iOS.xctest */ = {isa = PBXFileReference; explicitFileType = wrapper.cfbundle; includeInIndex = 0; path = "Tests iOS.xctest"; sourceTree = BUILT_PRODUCTS_DIR; };
		4A8F7D62277648810028351E /* Tests_iOS.swift */ = {isa = PBXFileReference; lastKnownFileType = sourcecode.swift; path = Tests_iOS.swift; sourceTree = "<group>"; };
		4A8F7D64277648810028351E /* Tests_iOSLaunchTests.swift */ = {isa = PBXFileReference; lastKnownFileType = sourcecode.swift; path = Tests_iOSLaunchTests.swift; sourceTree = "<group>"; };
		4A8F7D6A277648810028351E /* Tests macOS.xctest */ = {isa = PBXFileReference; explicitFileType = wrapper.cfbundle; includeInIndex = 0; path = "Tests macOS.xctest"; sourceTree = BUILT_PRODUCTS_DIR; };
		4A8F7D6E277648810028351E /* Tests_macOS.swift */ = {isa = PBXFileReference; lastKnownFileType = sourcecode.swift; path = Tests_macOS.swift; sourceTree = "<group>"; };
		4A8F7D70277648810028351E /* Tests_macOSLaunchTests.swift */ = {isa = PBXFileReference; lastKnownFileType = sourcecode.swift; path = Tests_macOSLaunchTests.swift; sourceTree = "<group>"; };
/* End PBXFileReference section */

/* Begin PBXFrameworksBuildPhase section */
		4A8F7D4E277648810028351E /* Frameworks */ = {
			isa = PBXFrameworksBuildPhase;
			buildActionMask = 2147483647;
			files = (
			);
			runOnlyForDeploymentPostprocessing = 0;
		};
		4A8F7D54277648810028351E /* Frameworks */ = {
			isa = PBXFrameworksBuildPhase;
			buildActionMask = 2147483647;
			files = (
			);
			runOnlyForDeploymentPostprocessing = 0;
		};
		4A8F7D5B277648810028351E /* Frameworks */ = {
			isa = PBXFrameworksBuildPhase;
			buildActionMask = 2147483647;
			files = (
			);
			runOnlyForDeploymentPostprocessing = 0;
		};
		4A8F7D67277648810028351E /* Frameworks */ = {
			isa = PBXFrameworksBuildPhase;
			buildActionMask = 2147483647;
			files = (
			);
			runOnlyForDeploymentPostprocessing = 0;
		};
/* End PBXFrameworksBuildPhase section */

/* Begin PBXGroup section */
		4A8F7D41277648810028351E = {
			isa = PBXGroup;
			children = (
				4A8F7D46277648810028351E /* Shared */,
				4A8F7D58277648810028351E /* macOS */,
				4A8F7D61277648810028351E /* Tests iOS */,
				4A8F7D6D277648810028351E /* Tests macOS */,
				4A8F7D52277648810028351E /* Products */,
			);
			sourceTree = "<group>";
		};
		4A8F7D46277648810028351E /* Shared */ = {
			isa = PBXGroup;
			children = (
				4A8F7D49277648810028351E /* CopyApp.swift */,
				4A8F7D4A277648810028351E /* ContentView.swift */,
				4A8F7D4B277648810028351E /* Persistence.swift */,
				4A8F7D4C277648810028351E /* Assets.xcassets */,
				4A8F7D47277648810028351E /* Copy.xcdatamodeld */,
			);
			path = Shared;
			sourceTree = "<group>";
		};
		4A8F7D52277648810028351E /* Products */ = {
			isa = PBXGroup;
			children = (
				4A8F7D51277648810028351E /* Copy.app */,
				4A8F7D57277648810028351E /* Copy.app */,
				4A8F7D5E277648810028351E /* Tests iOS.xctest */,
				4A8F7D6A277648810028351E /* Tests macOS.xctest */,
			);
			name = Products;
			sourceTree = "<group>";
		};
		4A8F7D58277648810028351E /* macOS */ = {
			isa = PBXGroup;
			children = (
				4A8F7D59277648810028351E /* macOS.entitlements */,
			);
			path = macOS;
			sourceTree = "<group>";
		};
		4A8F7D61277648810028351E /* Tests iOS */ = {
			isa = PBXGroup;
			children = (
				4A8F7D62277648810028351E /* Tests_iOS.swift */,
				4A8F7D64277648810028351E /* Tests_iOSLaunchTests.swift */,
			);
			path = "Tests iOS";
			sourceTree = "<group>";
		};
		4A8F7D6D277648810028351E /* Tests macOS */ = {
			isa = PBXGroup;
			children = (
				4A8F7D6E277648810028351E /* Tests_macOS.swift */,
				4A8F7D70277648810028351E /* Tests_macOSLaunchTests.swift */,
			);
			path = "Tests macOS";
			sourceTree = "<group>";
		};
/* End PBXGroup section */

/* Begin PBXNativeTarget section */
		4A8F7D50277648810028351E /* Copy (iOS) */ = {
			isa = PBXNativeTarget;
			buildConfigurationList = 4A8F7D7E277648810028351E /* Build configuration list for PBXNativeTarget "Copy (iOS)" */;
			buildPhases = (
				4A8F7D4D277648810028351E /* Sources */,
				4A8F7D4E277648810028351E /* Frameworks */,
				4A8F7D4F277648810028351E /* Resources */,
			);
			buildRules = (
			);
			dependencies = (
			);
			name = "Copy (iOS)";
			productName = "Copy (iOS)";
			productReference = 4A8F7D51277648810028351E /* Copy.app */;
			productType = "com.apple.product-type.application";
		};
		4A8F7D56277648810028351E /* Copy (macOS) */ = {
			isa = PBXNativeTarget;
			buildConfigurationList = 4A8F7D81277648810028351E /* Build configuration list for PBXNativeTarget "Copy (macOS)" */;
			buildPhases = (
				4A8F7D53277648810028351E /* Sources */,
				4A8F7D54277648810028351E /* Frameworks */,
				4A8F7D55277648810028351E /* Resources */,
			);
			buildRules = (
			);
			dependencies = (
			);
			name = "Copy (macOS)";
			productName = "Copy (macOS)";
			productReference = 4A8F7D57277648810028351E /* Copy.app */;
			productType = "com.apple.product-type.application";
		};
		4A8F7D5D277648810028351E /* Tests iOS */ = {
			isa = PBXNativeTarget;
			buildConfigurationList = 4A8F7D84277648810028351E /* Build configuration list for PBXNativeTarget "Tests iOS" */;
			buildPhases = (
				4A8F7D5A277648810028351E /* Sources */,
				4A8F7D5B277648810028351E /* Frameworks */,
				4A8F7D5C277648810028351E /* Resources */,
			);
			buildRules = (
			);
			dependencies = (
				4A8F7D60277648810028351E /* PBXTargetDependency */,
			);
			name = "Tests iOS";
			productName = "Tests iOS";
			productReference = 4A8F7D5E277648810028351E /* Tests iOS.xctest */;
			productType = "com.apple.product-type.bundle.ui-testing";
		};
		4A8F7D69277648810028351E /* Tests macOS */ = {
			isa = PBXNativeTarget;
			buildConfigurationList = 4A8F7D87277648810028351E /* Build configuration list for PBXNativeTarget "Tests macOS" */;
			buildPhases = (
				4A8F7D66277648810028351E /* Sources */,
				4A8F7D67277648810028351E /* Frameworks */,
				4A8F7D68277648810028351E /* Resources */,
			);
			buildRules = (
			);
			dependencies = (
				4A8F7D6C277648810028351E /* PBXTargetDependency */,
			);
			name = "Tests macOS";
			productName = "Tests macOS";
			productReference = 4A8F7D6A277648810028351E /* Tests macOS.xctest */;
			productType = "com.apple.product-type.bundle.ui-testing";
		};
/* End PBXNativeTarget section */

/* Begin PBXProject section */
		4A8F7D42277648810028351E /* Project object */ = {
			isa = PBXProject;
			attributes = {
				BuildIndependentTargetsInParallel = 1;
				LastSwiftUpdateCheck = 1320;
				LastUpgradeCheck = 1320;
				TargetAttributes = {
					4A8F7D50277648810028351E = {
						CreatedOnToolsVersion = 13.2.1;
					};
					4A8F7D56277648810028351E = {
						CreatedOnToolsVersion = 13.2.1;
					};
					4A8F7D5D277648810028351E = {
						CreatedOnToolsVersion = 13.2.1;
						TestTargetID = 4A8F7D50277648810028351E;
					};
					4A8F7D69277648810028351E = {
						CreatedOnToolsVersion = 13.2.1;
						TestTargetID = 4A8F7D56277648810028351E;
					};
				};
			};
			buildConfigurationList = 4A8F7D45277648810028351E /* Build configuration list for PBXProject "Copy" */;
			compatibilityVersion = "Xcode 13.0";
			developmentRegion = en;
			hasScannedForEncodings = 0;
			knownRegions = (
				en,
				Base,
			);
			mainGroup = 4A8F7D41277648810028351E;
			productRefGroup = 4A8F7D52277648810028351E /* Products */;
			projectDirPath = "";
			projectRoot = "";
			targets = (
				4A8F7D50277648810028351E /* Copy (iOS) */,
				4A8F7D56277648810028351E /* Copy (macOS) */,
				4A8F7D5D277648810028351E /* Tests iOS */,
				4A8F7D69277648810028351E /* Tests macOS */,
			);
		};
/* End PBXProject section */

/* Begin PBXResourcesBuildPhase section */
		4A8F7D4F277648810028351E /* Resources */ = {
			isa = PBXResourcesBuildPhase;
			buildActionMask = 2147483647;
			files = (
				4A8F7D7A277648810028351E /* Assets.xcassets in Resources */,
			);
			runOnlyForDeploymentPostprocessing = 0;
		};
		4A8F7D55277648810028351E /* Resources */ = {
			isa = PBXResourcesBuildPhase;
			buildActionMask = 2147483647;
			files = (
				4A8F7D7B277648810028351E /* Assets.xcassets in Resources */,
			);
			runOnlyForDeploymentPostprocessing = 0;
		};
		4A8F7D5C277648810028351E /* Resources */ = {
			isa = PBXResourcesBuildPhase;
			buildActionMask = 2147483647;
			files = (
			);
			runOnlyForDeploymentPostprocessing = 0;
		};
		4A8F7D68277648810028351E /* Resources */ = {
			isa = PBXResourcesBuildPhase;
			buildActionMask = 2147483647;
			files = (
			);
			runOnlyForDeploymentPostprocessing = 0;
		};
/* End PBXResourcesBuildPhase section */

/* Begin PBXSourcesBuildPhase section */
		4A8F7D4D277648810028351E /* Sources */ = {
			isa = PBXSourcesBuildPhase;
			buildActionMask = 2147483647;
			files = (
				4A8F7D74277648810028351E /* CopyApp.swift in Sources */,
				4A8F7D78277648810028351E /* Persistence.swift in Sources */,
				4A8F7D72277648810028351E /* Copy.xcdatamodeld in Sources */,
				4A8F7D76277648810028351E /* ContentView.swift in Sources */,
			);
			runOnlyForDeploymentPostprocessing = 0;
		};
		4A8F7D53277648810028351E /* Sources */ = {
			isa = PBXSourcesBuildPhase;
			buildActionMask = 2147483647;
			files = (
				4A8F7D75277648810028351E /* CopyApp.swift in Sources */,
				4A8F7D79277648810028351E /* Persistence.swift in Sources */,
				4A8F7D73277648810028351E /* Copy.xcdatamodeld in Sources */,
				4A8F7D77277648810028351E /* ContentView.swift in Sources */,
			);
			runOnlyForDeploymentPostprocessing = 0;
		};
		4A8F7D5A277648810028351E /* Sources */ = {
			isa = PBXSourcesBuildPhase;
			buildActionMask = 2147483647;
			files = (
				4A8F7D65277648810028351E /* Tests_iOSLaunchTests.swift in Sources */,
				4A8F7D63277648810028351E /* Tests_iOS.swift in Sources */,
			);
			runOnlyForDeploymentPostprocessing = 0;
		};
		4A8F7D66277648810028351E /* Sources */ = {
			isa = PBXSourcesBuildPhase;
			buildActionMask = 2147483647;
			files = (
				4A8F7D71277648810028351E /* Tests_macOSLaunchTests.swift in Sources */,
				4A8F7D6F277648810028351E /* Tests_macOS.swift in Sources */,
			);
			runOnlyForDeploymentPostprocessing = 0;
		};
/* End PBXSourcesBuildPhase section */

/* Begin PBXTargetDependency section */
		4A8F7D60277648810028351E /* PBXTargetDependency */ = {
			isa = PBXTargetDependency;
			target = 4A8F7D50277648810028351E /* Copy (iOS) */;
			targetProxy = 4A8F7D5F277648810028351E /* PBXContainerItemProxy */;
		};
		4A8F7D6C277648810028351E /* PBXTargetDependency */ = {
			isa = PBXTargetDependency;
			target = 4A8F7D56277648810028351E /* Copy (macOS) */;
			targetProxy = 4A8F7D6B277648810028351E /* PBXContainerItemProxy */;
		};
/* End PBXTargetDependency section */

/* Begin XCBuildConfiguration section */
		4A8F7D7C277648810028351E /* Debug */ = {
			isa = XCBuildConfiguration;
			buildSettings = {
				ALWAYS_SEARCH_USER_PATHS = NO;
				CLANG_ANALYZER_NONNULL = YES;
				CLANG_ANALYZER_NUMBER_OBJECT_CONVERSION = YES_AGGRESSIVE;
				CLANG_CXX_LANGUAGE_STANDARD = "gnu++17";
				CLANG_CXX_LIBRARY = "libc++";
				CLANG_ENABLE_MODULES = YES;
				CLANG_ENABLE_OBJC_ARC = YES;
				CLANG_ENABLE_OBJC_WEAK = YES;
				CLANG_WARN_BLOCK_CAPTURE_AUTORELEASING = YES;
				CLANG_WARN_BOOL_CONVERSION = YES;
				CLANG_WARN_COMMA = YES;
				CLANG_WARN_CONSTANT_CONVERSION = YES;
				CLANG_WARN_DEPRECATED_OBJC_IMPLEMENTATIONS = YES;
				CLANG_WARN_DIRECT_OBJC_ISA_USAGE = YES_ERROR;
				CLANG_WARN_DOCUMENTATION_COMMENTS = YES;
				CLANG_WARN_EMPTY_BODY = YES;
				CLANG_WARN_ENUM_CONVERSION = YES;
				CLANG_WARN_INFINITE_RECURSION = YES;
				CLANG_WARN_INT_CONVERSION = YES;
				CLANG_WARN_NON_LITERAL_NULL_CONVERSION = YES;
				CLANG_WARN_OBJC_IMPLICIT_RETAIN_SELF = YES;
				CLANG_WARN_OBJC_LITERAL_CONVERSION = YES;
				CLANG_WARN_OBJC_ROOT_CLASS = YES_ERROR;
				CLANG_WARN_QUOTED_INCLUDE_IN_FRAMEWORK_HEADER = YES;
				CLANG_WARN_RANGE_LOOP_ANALYSIS = YES;
				CLANG_WARN_STRICT_PROTOTYPES = YES;
				CLANG_WARN_SUSPICIOUS_MOVE = YES;
				CLANG_WARN_UNGUARDED_AVAILABILITY = YES_AGGRESSIVE;
				CLANG_WARN_UNREACHABLE_CODE = YES;
				CLANG_WARN__DUPLICATE_METHOD_MATCH = YES;
				COPY_PHASE_STRIP = NO;
				DEBUG_INFORMATION_FORMAT = dwarf;
				ENABLE_STRICT_OBJC_MSGSEND = YES;
				ENABLE_TESTABILITY = YES;
				GCC_C_LANGUAGE_STANDARD = gnu11;
				GCC_DYNAMIC_NO_PIC = NO;
				GCC_NO_COMMON_BLOCKS = YES;
				GCC_OPTIMIZATION_LEVEL = 0;
				GCC_PREPROCESSOR_DEFINITIONS = (
					"DEBUG=1",
					"$(inherited)",
				);
				GCC_WARN_64_TO_32_BIT_CONVERSION = YES;
				GCC_WARN_ABOUT_RETURN_TYPE = YES_ERROR;
				GCC_WARN_UNDECLARED_SELECTOR = YES;
				GCC_WARN_UNINITIALIZED_AUTOS = YES_AGGRESSIVE;
				GCC_WARN_UNUSED_FUNCTION = YES;
				GCC_WARN_UNUSED_VARIABLE = YES;
				MTL_ENABLE_DEBUG_INFO = INCLUDE_SOURCE;
				MTL_FAST_MATH = YES;
				ONLY_ACTIVE_ARCH = YES;
				SWIFT_ACTIVE_COMPILATION_CONDITIONS = DEBUG;
				SWIFT_OPTIMIZATION_LEVEL = "-Onone";
			};
			name = Debug;
		};
		4A8F7D7D277648810028351E /* Release */ = {
			isa = XCBuildConfiguration;
			buildSettings = {
				ALWAYS_SEARCH_USER_PATHS = NO;
				CLANG_ANALYZER_NONNULL = YES;
				CLANG_ANALYZER_NUMBER_OBJECT_CONVERSION = YES_AGGRESSIVE;
				CLANG_CXX_LANGUAGE_STANDARD = "gnu++17";
				CLANG_CXX_LIBRARY = "libc++";
				CLANG_ENABLE_MODULES = YES;
				CLANG_ENABLE_OBJC_ARC = YES;
				CLANG_ENABLE_OBJC_WEAK = YES;
				CLANG_WARN_BLOCK_CAPTURE_AUTORELEASING = YES;
				CLANG_WARN_BOOL_CONVERSION = YES;
				CLANG_WARN_COMMA = YES;
				CLANG_WARN_CONSTANT_CONVERSION = YES;
				CLANG_WARN_DEPRECATED_OBJC_IMPLEMENTATIONS = YES;
				CLANG_WARN_DIRECT_OBJC_ISA_USAGE = YES_ERROR;
				CLANG_WARN_DOCUMENTATION_COMMENTS = YES;
				CLANG_WARN_EMPTY_BODY = YES;
				CLANG_WARN_ENUM_CONVERSION = YES;
				CLANG_WARN_INFINITE_RECURSION = YES;
				CLANG_WARN_INT_CONVERSION = YES;
				CLANG_WARN_NON_LITERAL_NULL_CONVERSION = YES;
				CLANG_WARN_OBJC_IMPLICIT_RETAIN_SELF = YES;
				CLANG_WARN_OBJC_LITERAL_CONVERSION = YES;
				CLANG_WARN_OBJC_ROOT_CLASS = YES_ERROR;
				CLANG_WARN_QUOTED_INCLUDE_IN_FRAMEWORK_HEADER = YES;
				CLANG_WARN_RANGE_LOOP_ANALYSIS = YES;
				CLANG_WARN_STRICT_PROTOTYPES = YES;
				CLANG_WARN_SUSPICIOUS_MOVE = YES;
				CLANG_WARN_UNGUARDED_AVAILABILITY = YES_AGGRESSIVE;
				CLANG_WARN_UNREACHABLE_CODE = YES;
				CLANG_WARN__DUPLICATE_METHOD_MATCH = YES;
				COPY_PHASE_STRIP = NO;
				DEBUG_INFORMATION_FORMAT = "dwarf-with-dsym";
				ENABLE_NS_ASSERTIONS = NO;
				ENABLE_STRICT_OBJC_MSGSEND = YES;
				GCC_C_LANGUAGE_STANDARD = gnu11;
				GCC_NO_COMMON_BLOCKS = YES;
				GCC_WARN_64_TO_32_BIT_CONVERSION = YES;
				GCC_WARN_ABOUT_RETURN_TYPE = YES_ERROR;
				GCC_WARN_UNDECLARED_SELECTOR = YES;
				GCC_WARN_UNINITIALIZED_AUTOS = YES_AGGRESSIVE;
				GCC_WARN_UNUSED_FUNCTION = YES;
				GCC_WARN_UNUSED_VARIABLE = YES;
				MTL_ENABLE_DEBUG_INFO = NO;
				MTL_FAST_MATH = YES;
				SWIFT_COMPILATION_MODE = wholemodule;
				SWIFT_OPTIMIZATION_LEVEL = "-O";
			};
			name = Release;
		};
		4A8F7D7F277648810028351E /* Debug */ = {
			isa = XCBuildConfiguration;
			buildSettings = {
				ASSETCATALOG_COMPILER_APPICON_NAME = AppIcon;
				ASSETCATALOG_COMPILER_GLOBAL_ACCENT_COLOR_NAME = AccentColor;
				CODE_SIGN_STYLE = Automatic;
				CURRENT_PROJECT_VERSION = 1;
				DEVELOPMENT_TEAM = 2R86FQBENT;
				ENABLE_PREVIEWS = YES;
				GENERATE_INFOPLIST_FILE = YES;
				INFOPLIST_KEY_UIApplicationSceneManifest_Generation = YES;
				INFOPLIST_KEY_UIApplicationSupportsIndirectInputEvents = YES;
				INFOPLIST_KEY_UILaunchScreen_Generation = YES;
				INFOPLIST_KEY_UISupportedInterfaceOrientations_iPad = "UIInterfaceOrientationPortrait UIInterfaceOrientationPortraitUpsideDown UIInterfaceOrientationLandscapeLeft UIInterfaceOrientationLandscapeRight";
				INFOPLIST_KEY_UISupportedInterfaceOrientations_iPhone = "UIInterfaceOrientationPortrait UIInterfaceOrientationLandscapeLeft UIInterfaceOrientationLandscapeRight";
				IPHONEOS_DEPLOYMENT_TARGET = 15.2;
				LD_RUNPATH_SEARCH_PATHS = (
					"$(inherited)",
					"@executable_path/Frameworks",
				);
				MARKETING_VERSION = 0.1;
				PRODUCT_BUNDLE_IDENTIFIER = com.eismanprojects.Copy;
				PRODUCT_NAME = Copy;
				SDKROOT = iphoneos;
				SWIFT_EMIT_LOC_STRINGS = YES;
				SWIFT_VERSION = 5.0;
				TARGETED_DEVICE_FAMILY = "1,2";
			};
			name = Debug;
		};
		4A8F7D80277648810028351E /* Release */ = {
			isa = XCBuildConfiguration;
			buildSettings = {
				ASSETCATALOG_COMPILER_APPICON_NAME = AppIcon;
				ASSETCATALOG_COMPILER_GLOBAL_ACCENT_COLOR_NAME = AccentColor;
				CODE_SIGN_STYLE = Automatic;
				CURRENT_PROJECT_VERSION = 1;
				DEVELOPMENT_TEAM = 2R86FQBENT;
				ENABLE_PREVIEWS = YES;
				GENERATE_INFOPLIST_FILE = YES;
				INFOPLIST_KEY_UIApplicationSceneManifest_Generation = YES;
				INFOPLIST_KEY_UIApplicationSupportsIndirectInputEvents = YES;
				INFOPLIST_KEY_UILaunchScreen_Generation = YES;
				INFOPLIST_KEY_UISupportedInterfaceOrientations_iPad = "UIInterfaceOrientationPortrait UIInterfaceOrientationPortraitUpsideDown UIInterfaceOrientationLandscapeLeft UIInterfaceOrientationLandscapeRight";
				INFOPLIST_KEY_UISupportedInterfaceOrientations_iPhone = "UIInterfaceOrientationPortrait UIInterfaceOrientationLandscapeLeft UIInterfaceOrientationLandscapeRight";
				IPHONEOS_DEPLOYMENT_TARGET = 15.2;
				LD_RUNPATH_SEARCH_PATHS = (
					"$(inherited)",
					"@executable_path/Frameworks",
				);
				MARKETING_VERSION = 0.1;
				PRODUCT_BUNDLE_IDENTIFIER = com.eismanprojects.Copy;
				PRODUCT_NAME = Copy;
				SDKROOT = iphoneos;
				SWIFT_EMIT_LOC_STRINGS = YES;
				SWIFT_VERSION = 5.0;
				TARGETED_DEVICE_FAMILY = "1,2";
				VALIDATE_PRODUCT = YES;
			};
			name = Release;
		};
		4A8F7D82277648810028351E /* Debug */ = {
			isa = XCBuildConfiguration;
			buildSettings = {
				ASSETCATALOG_COMPILER_APPICON_NAME = AppIcon;
				ASSETCATALOG_COMPILER_GLOBAL_ACCENT_COLOR_NAME = AccentColor;
				CODE_SIGN_ENTITLEMENTS = macOS/macOS.entitlements;
				CODE_SIGN_IDENTITY = "Apple Development";
				CODE_SIGN_STYLE = Automatic;
				COMBINE_HIDPI_IMAGES = YES;
				CURRENT_PROJECT_VERSION = 1;
				DEVELOPMENT_TEAM = 2R86FQBENT;
				ENABLE_PREVIEWS = YES;
				GENERATE_INFOPLIST_FILE = YES;
				INFOPLIST_KEY_NSHumanReadableCopyright = "";
				LD_RUNPATH_SEARCH_PATHS = (
					"$(inherited)",
					"@executable_path/../Frameworks",
				);
				MACOSX_DEPLOYMENT_TARGET = 12.1;
				MARKETING_VERSION = 1.0;
				PRODUCT_BUNDLE_IDENTIFIER = com.eismanprojects.Copy;
				PRODUCT_NAME = Copy;
				SDKROOT = macosx;
				SWIFT_EMIT_LOC_STRINGS = YES;
				SWIFT_VERSION = 5.0;
			};
			name = Debug;
		};
		4A8F7D83277648810028351E /* Release */ = {
			isa = XCBuildConfiguration;
			buildSettings = {
				ASSETCATALOG_COMPILER_APPICON_NAME = AppIcon;
				ASSETCATALOG_COMPILER_GLOBAL_ACCENT_COLOR_NAME = AccentColor;
				CODE_SIGN_ENTITLEMENTS = macOS/macOS.entitlements;
				CODE_SIGN_IDENTITY = "Apple Development";
				CODE_SIGN_STYLE = Automatic;
				COMBINE_HIDPI_IMAGES = YES;
				CURRENT_PROJECT_VERSION = 1;
				DEVELOPMENT_TEAM = 2R86FQBENT;
				ENABLE_PREVIEWS = YES;
				GENERATE_INFOPLIST_FILE = YES;
				INFOPLIST_KEY_NSHumanReadableCopyright = "";
				LD_RUNPATH_SEARCH_PATHS = (
					"$(inherited)",
					"@executable_path/../Frameworks",
				);
				MACOSX_DEPLOYMENT_TARGET = 12.1;
				MARKETING_VERSION = 1.0;
				PRODUCT_BUNDLE_IDENTIFIER = com.eismanprojects.Copy;
				PRODUCT_NAME = Copy;
				SDKROOT = macosx;
				SWIFT_EMIT_LOC_STRINGS = YES;
				SWIFT_VERSION = 5.0;
			};
			name = Release;
		};
		4A8F7D85277648810028351E /* Debug */ = {
			isa = XCBuildConfiguration;
			buildSettings = {
				ALWAYS_EMBED_SWIFT_STANDARD_LIBRARIES = YES;
				CODE_SIGN_STYLE = Automatic;
				CURRENT_PROJECT_VERSION = 1;
				GENERATE_INFOPLIST_FILE = YES;
				IPHONEOS_DEPLOYMENT_TARGET = 15.2;
				MARKETING_VERSION = 1.0;
				PRODUCT_BUNDLE_IDENTIFIER = "com.eismanprojects.Tests-iOS";
				PRODUCT_NAME = "$(TARGET_NAME)";
				SDKROOT = iphoneos;
				SWIFT_EMIT_LOC_STRINGS = NO;
				SWIFT_VERSION = 5.0;
				TARGETED_DEVICE_FAMILY = "1,2";
				TEST_TARGET_NAME = "Copy (iOS)";
			};
			name = Debug;
		};
		4A8F7D86277648810028351E /* Release */ = {
			isa = XCBuildConfiguration;
			buildSettings = {
				ALWAYS_EMBED_SWIFT_STANDARD_LIBRARIES = YES;
				CODE_SIGN_STYLE = Automatic;
				CURRENT_PROJECT_VERSION = 1;
				GENERATE_INFOPLIST_FILE = YES;
				IPHONEOS_DEPLOYMENT_TARGET = 15.2;
				MARKETING_VERSION = 1.0;
				PRODUCT_BUNDLE_IDENTIFIER = "com.eismanprojects.Tests-iOS";
				PRODUCT_NAME = "$(TARGET_NAME)";
				SDKROOT = iphoneos;
				SWIFT_EMIT_LOC_STRINGS = NO;
				SWIFT_VERSION = 5.0;
				TARGETED_DEVICE_FAMILY = "1,2";
				TEST_TARGET_NAME = "Copy (iOS)";
				VALIDATE_PRODUCT = YES;
			};
			name = Release;
		};
		4A8F7D88277648810028351E /* Debug */ = {
			isa = XCBuildConfiguration;
			buildSettings = {
				ALWAYS_EMBED_SWIFT_STANDARD_LIBRARIES = YES;
				CODE_SIGN_STYLE = Automatic;
				CURRENT_PROJECT_VERSION = 1;
				GENERATE_INFOPLIST_FILE = YES;
				MACOSX_DEPLOYMENT_TARGET = 12.1;
				MARKETING_VERSION = 1.0;
				PRODUCT_BUNDLE_IDENTIFIER = "com.eismanprojects.Tests-macOS";
				PRODUCT_NAME = "$(TARGET_NAME)";
				SDKROOT = macosx;
				SWIFT_EMIT_LOC_STRINGS = NO;
				SWIFT_VERSION = 5.0;
				TEST_TARGET_NAME = "Copy (macOS)";
			};
			name = Debug;
		};
		4A8F7D89277648810028351E /* Release */ = {
			isa = XCBuildConfiguration;
			buildSettings = {
				ALWAYS_EMBED_SWIFT_STANDARD_LIBRARIES = YES;
				CODE_SIGN_STYLE = Automatic;
				CURRENT_PROJECT_VERSION = 1;
				GENERATE_INFOPLIST_FILE = YES;
				MACOSX_DEPLOYMENT_TARGET = 12.1;
				MARKETING_VERSION = 1.0;
				PRODUCT_BUNDLE_IDENTIFIER = "com.eismanprojects.Tests-macOS";
				PRODUCT_NAME = "$(TARGET_NAME)";
				SDKROOT = macosx;
				SWIFT_EMIT_LOC_STRINGS = NO;
				SWIFT_VERSION = 5.0;
				TEST_TARGET_NAME = "Copy (macOS)";
			};
			name = Release;
		};
/* End XCBuildConfiguration section */

/* Begin XCConfigurationList section */
		4A8F7D45277648810028351E /* Build configuration list for PBXProject "Copy" */ = {
			isa = XCConfigurationList;
			buildConfigurations = (
				4A8F7D7C277648810028351E /* Debug */,
				4A8F7D7D277648810028351E /* Release */,
			);
			defaultConfigurationIsVisible = 0;
			defaultConfigurationName = Release;
		};
		4A8F7D7E277648810028351E /* Build configuration list for PBXNativeTarget "Copy (iOS)" */ = {
			isa = XCConfigurationList;
			buildConfigurations = (
				4A8F7D7F277648810028351E /* Debug */,
				4A8F7D80277648810028351E /* Release */,
			);
			defaultConfigurationIsVisible = 0;
			defaultConfigurationName = Release;
		};
		4A8F7D81277648810028351E /* Build configuration list for PBXNativeTarget "Copy (macOS)" */ = {
			isa = XCConfigurationList;
			buildConfigurations = (
				4A8F7D82277648810028351E /* Debug */,
				4A8F7D83277648810028351E /* Release */,
			);
			defaultConfigurationIsVisible = 0;
			defaultConfigurationName = Release;
		};
		4A8F7D84277648810028351E /* Build configuration list for PBXNativeTarget "Tests iOS" */ = {
			isa = XCConfigurationList;
			buildConfigurations = (
				4A8F7D85277648810028351E /* Debug */,
				4A8F7D86277648810028351E /* Release */,
			);
			defaultConfigurationIsVisible = 0;
			defaultConfigurationName = Release;
		};
		4A8F7D87277648810028351E /* Build configuration list for PBXNativeTarget "Tests macOS" */ = {
			isa = XCConfigurationList;
			buildConfigurations = (
				4A8F7D88277648810028351E /* Debug */,
				4A8F7D89277648810028351E /* Release */,
			);
			defaultConfigurationIsVisible = 0;
			defaultConfigurationName = Release;
		};
/* End XCConfigurationList section */

/* Begin XCVersionGroup section */
		4A8F7D47277648810028351E /* Copy.xcdatamodeld */ = {
			isa = XCVersionGroup;
			children = (
				4A8F7D48277648810028351E /* Shared.xcdatamodel */,
			);
			currentVersion = 4A8F7D48277648810028351E /* Shared.xcdatamodel */;
			path = Copy.xcdatamodeld;
			sourceTree = "<group>";
			versionGroupType = wrapper.xcdatamodel;
		};
/* End XCVersionGroup section */
	};
	rootObject = 4A8F7D42277648810028351E /* Project object */;
}
